// !$*UTF8*$!
{
	archiveVersion = 1;
	classes = {
	};
	objectVersion = 50;
	objects = {

/* Begin PBXBuildFile section */
		95E5F9B9266B732C00176260 /* DebtApp.swift in Sources */ = {isa = PBXBuildFile; fileRef = 95E5F9B8266B732C00176260 /* DebtApp.swift */; };
		95E5F9BB266B732C00176260 /* ContentView.swift in Sources */ = {isa = PBXBuildFile; fileRef = 95E5F9BA266B732C00176260 /* ContentView.swift */; };
		95E5F9BD266B732F00176260 /* Assets.xcassets in Resources */ = {isa = PBXBuildFile; fileRef = 95E5F9BC266B732F00176260 /* Assets.xcassets */; };
		95E5F9C0266B732F00176260 /* Preview Assets.xcassets in Resources */ = {isa = PBXBuildFile; fileRef = 95E5F9BF266B732F00176260 /* Preview Assets.xcassets */; };
		95E5F9CB266B732F00176260 /* DebtTests.swift in Sources */ = {isa = PBXBuildFile; fileRef = 95E5F9CA266B732F00176260 /* DebtTests.swift */; };
		95E5F9D6266B732F00176260 /* DebtUITests.swift in Sources */ = {isa = PBXBuildFile; fileRef = 95E5F9D5266B732F00176260 /* DebtUITests.swift */; };
/* End PBXBuildFile section */

/* Begin PBXContainerItemProxy section */
		95E5F9C7266B732F00176260 /* PBXContainerItemProxy */ = {
			isa = PBXContainerItemProxy;
			containerPortal = 95E5F9AD266B732C00176260 /* Project object */;
			proxyType = 1;
			remoteGlobalIDString = 95E5F9B4266B732C00176260;
			remoteInfo = Debt;
		};
		95E5F9D2266B732F00176260 /* PBXContainerItemProxy */ = {
			isa = PBXContainerItemProxy;
			containerPortal = 95E5F9AD266B732C00176260 /* Project object */;
			proxyType = 1;
			remoteGlobalIDString = 95E5F9B4266B732C00176260;
			remoteInfo = Debt;
		};
/* End PBXContainerItemProxy section */

/* Begin PBXFileReference section */
		95E5F9B5266B732C00176260 /* Debt.app */ = {isa = PBXFileReference; explicitFileType = wrapper.application; includeInIndex = 0; path = Debt.app; sourceTree = BUILT_PRODUCTS_DIR; };
		95E5F9B8266B732C00176260 /* DebtApp.swift */ = {isa = PBXFileReference; lastKnownFileType = sourcecode.swift; path = DebtApp.swift; sourceTree = "<group>"; };
		95E5F9BA266B732C00176260 /* ContentView.swift */ = {isa = PBXFileReference; lastKnownFileType = sourcecode.swift; path = ContentView.swift; sourceTree = "<group>"; };
		95E5F9BC266B732F00176260 /* Assets.xcassets */ = {isa = PBXFileReference; lastKnownFileType = folder.assetcatalog; path = Assets.xcassets; sourceTree = "<group>"; };
		95E5F9BF266B732F00176260 /* Preview Assets.xcassets */ = {isa = PBXFileReference; lastKnownFileType = folder.assetcatalog; path = "Preview Assets.xcassets"; sourceTree = "<group>"; };
		95E5F9C1266B732F00176260 /* Info.plist */ = {isa = PBXFileReference; lastKnownFileType = text.plist.xml; path = Info.plist; sourceTree = "<group>"; };
		95E5F9C6266B732F00176260 /* DebtTests.xctest */ = {isa = PBXFileReference; explicitFileType = wrapper.cfbundle; includeInIndex = 0; path = DebtTests.xctest; sourceTree = BUILT_PRODUCTS_DIR; };
		95E5F9CA266B732F00176260 /* DebtTests.swift */ = {isa = PBXFileReference; lastKnownFileType = sourcecode.swift; path = DebtTests.swift; sourceTree = "<group>"; };
		95E5F9CC266B732F00176260 /* Info.plist */ = {isa = PBXFileReference; lastKnownFileType = text.plist.xml; path = Info.plist; sourceTree = "<group>"; };
		95E5F9D1266B732F00176260 /* DebtUITests.xctest */ = {isa = PBXFileReference; explicitFileType = wrapper.cfbundle; includeInIndex = 0; path = DebtUITests.xctest; sourceTree = BUILT_PRODUCTS_DIR; };
		95E5F9D5266B732F00176260 /* DebtUITests.swift */ = {isa = PBXFileReference; lastKnownFileType = sourcecode.swift; path = DebtUITests.swift; sourceTree = "<group>"; };
		95E5F9D7266B732F00176260 /* Info.plist */ = {isa = PBXFileReference; lastKnownFileType = text.plist.xml; path = Info.plist; sourceTree = "<group>"; };
/* End PBXFileReference section */

/* Begin PBXFrameworksBuildPhase section */
		95E5F9B2266B732C00176260 /* Frameworks */ = {
			isa = PBXFrameworksBuildPhase;
			buildActionMask = 2147483647;
			files = (
			);
			runOnlyForDeploymentPostprocessing = 0;
		};
		95E5F9C3266B732F00176260 /* Frameworks */ = {
			isa = PBXFrameworksBuildPhase;
			buildActionMask = 2147483647;
			files = (
			);
			runOnlyForDeploymentPostprocessing = 0;
		};
		95E5F9CE266B732F00176260 /* Frameworks */ = {
			isa = PBXFrameworksBuildPhase;
			buildActionMask = 2147483647;
			files = (
			);
			runOnlyForDeploymentPostprocessing = 0;
		};
/* End PBXFrameworksBuildPhase section */

/* Begin PBXGroup section */
		95E5F9AC266B732C00176260 = {
			isa = PBXGroup;
			children = (
				95E5F9B7266B732C00176260 /* Debt */,
				95E5F9C9266B732F00176260 /* DebtTests */,
				95E5F9D4266B732F00176260 /* DebtUITests */,
				95E5F9B6266B732C00176260 /* Products */,
			);
			sourceTree = "<group>";
		};
		95E5F9B6266B732C00176260 /* Products */ = {
			isa = PBXGroup;
			children = (
				95E5F9B5266B732C00176260 /* Debt.app */,
				95E5F9C6266B732F00176260 /* DebtTests.xctest */,
				95E5F9D1266B732F00176260 /* DebtUITests.xctest */,
			);
			name = Products;
			sourceTree = "<group>";
		};
		95E5F9B7266B732C00176260 /* Debt */ = {
			isa = PBXGroup;
			children = (
				95E5F9B8266B732C00176260 /* DebtApp.swift */,
				95E5F9BA266B732C00176260 /* ContentView.swift */,
				95E5F9BC266B732F00176260 /* Assets.xcassets */,
				95E5F9C1266B732F00176260 /* Info.plist */,
				95E5F9BE266B732F00176260 /* Preview Content */,
			);
			path = Debt;
			sourceTree = "<group>";
		};
		95E5F9BE266B732F00176260 /* Preview Content */ = {
			isa = PBXGroup;
			children = (
				95E5F9BF266B732F00176260 /* Preview Assets.xcassets */,
			);
			path = "Preview Content";
			sourceTree = "<group>";
		};
		95E5F9C9266B732F00176260 /* DebtTests */ = {
			isa = PBXGroup;
			children = (
				95E5F9CA266B732F00176260 /* DebtTests.swift */,
				95E5F9CC266B732F00176260 /* Info.plist */,
			);
			path = DebtTests;
			sourceTree = "<group>";
		};
		95E5F9D4266B732F00176260 /* DebtUITests */ = {
			isa = PBXGroup;
			children = (
				95E5F9D5266B732F00176260 /* DebtUITests.swift */,
				95E5F9D7266B732F00176260 /* Info.plist */,
			);
			path = DebtUITests;
			sourceTree = "<group>";
		};
/* End PBXGroup section */

/* Begin PBXNativeTarget section */
		95E5F9B4266B732C00176260 /* Debt */ = {
			isa = PBXNativeTarget;
			buildConfigurationList = 95E5F9DA266B732F00176260 /* Build configuration list for PBXNativeTarget "Debt" */;
			buildPhases = (
				95E5F9B1266B732C00176260 /* Sources */,
				95E5F9B2266B732C00176260 /* Frameworks */,
				95E5F9B3266B732C00176260 /* Resources */,
			);
			buildRules = (
			);
			dependencies = (
			);
			name = Debt;
			productName = Debt;
			productReference = 95E5F9B5266B732C00176260 /* Debt.app */;
			productType = "com.apple.product-type.application";
		};
		95E5F9C5266B732F00176260 /* DebtTests */ = {
			isa = PBXNativeTarget;
			buildConfigurationList = 95E5F9DD266B732F00176260 /* Build configuration list for PBXNativeTarget "DebtTests" */;
			buildPhases = (
				95E5F9C2266B732F00176260 /* Sources */,
				95E5F9C3266B732F00176260 /* Frameworks */,
				95E5F9C4266B732F00176260 /* Resources */,
			);
			buildRules = (
			);
			dependencies = (
				95E5F9C8266B732F00176260 /* PBXTargetDependency */,
			);
			name = DebtTests;
			productName = DebtTests;
			productReference = 95E5F9C6266B732F00176260 /* DebtTests.xctest */;
			productType = "com.apple.product-type.bundle.unit-test";
		};
		95E5F9D0266B732F00176260 /* DebtUITests */ = {
			isa = PBXNativeTarget;
			buildConfigurationList = 95E5F9E0266B732F00176260 /* Build configuration list for PBXNativeTarget "DebtUITests" */;
			buildPhases = (
				95E5F9CD266B732F00176260 /* Sources */,
				95E5F9CE266B732F00176260 /* Frameworks */,
				95E5F9CF266B732F00176260 /* Resources */,
			);
			buildRules = (
			);
			dependencies = (
				95E5F9D3266B732F00176260 /* PBXTargetDependency */,
			);
			name = DebtUITests;
			productName = DebtUITests;
			productReference = 95E5F9D1266B732F00176260 /* DebtUITests.xctest */;
			productType = "com.apple.product-type.bundle.ui-testing";
		};
/* End PBXNativeTarget section */

/* Begin PBXProject section */
		95E5F9AD266B732C00176260 /* Project object */ = {
			isa = PBXProject;
			attributes = {
				LastSwiftUpdateCheck = 1250;
				LastUpgradeCheck = 1250;
				TargetAttributes = {
					95E5F9B4266B732C00176260 = {
						CreatedOnToolsVersion = 12.5;
					};
					95E5F9C5266B732F00176260 = {
						CreatedOnToolsVersion = 12.5;
						TestTargetID = 95E5F9B4266B732C00176260;
					};
					95E5F9D0266B732F00176260 = {
						CreatedOnToolsVersion = 12.5;
						TestTargetID = 95E5F9B4266B732C00176260;
					};
				};
			};
			buildConfigurationList = 95E5F9B0266B732C00176260 /* Build configuration list for PBXProject "Debt" */;
			compatibilityVersion = "Xcode 9.3";
			developmentRegion = en;
			hasScannedForEncodings = 0;
			knownRegions = (
				en,
				Base,
			);
			mainGroup = 95E5F9AC266B732C00176260;
			productRefGroup = 95E5F9B6266B732C00176260 /* Products */;
			projectDirPath = "";
			projectRoot = "";
			targets = (
				95E5F9B4266B732C00176260 /* Debt */,
				95E5F9C5266B732F00176260 /* DebtTests */,
				95E5F9D0266B732F00176260 /* DebtUITests */,
			);
		};
/* End PBXProject section */

/* Begin PBXResourcesBuildPhase section */
		95E5F9B3266B732C00176260 /* Resources */ = {
			isa = PBXResourcesBuildPhase;
			buildActionMask = 2147483647;
			files = (
				95E5F9C0266B732F00176260 /* Preview Assets.xcassets in Resources */,
				95E5F9BD266B732F00176260 /* Assets.xcassets in Resources */,
			);
			runOnlyForDeploymentPostprocessing = 0;
		};
		95E5F9C4266B732F00176260 /* Resources */ = {
			isa = PBXResourcesBuildPhase;
			buildActionMask = 2147483647;
			files = (
			);
			runOnlyForDeploymentPostprocessing = 0;
		};
		95E5F9CF266B732F00176260 /* Resources */ = {
			isa = PBXResourcesBuildPhase;
			buildActionMask = 2147483647;
			files = (
			);
			runOnlyForDeploymentPostprocessing = 0;
		};
/* End PBXResourcesBuildPhase section */

/* Begin PBXSourcesBuildPhase section */
		95E5F9B1266B732C00176260 /* Sources */ = {
			isa = PBXSourcesBuildPhase;
			buildActionMask = 2147483647;
			files = (
				95E5F9BB266B732C00176260 /* ContentView.swift in Sources */,
				95E5F9B9266B732C00176260 /* DebtApp.swift in Sources */,
			);
			runOnlyForDeploymentPostprocessing = 0;
		};
		95E5F9C2266B732F00176260 /* Sources */ = {
			isa = PBXSourcesBuildPhase;
			buildActionMask = 2147483647;
			files = (
				95E5F9CB266B732F00176260 /* DebtTests.swift in Sources */,
			);
			runOnlyForDeploymentPostprocessing = 0;
		};
		95E5F9CD266B732F00176260 /* Sources */ = {
			isa = PBXSourcesBuildPhase;
			buildActionMask = 2147483647;
			files = (
				95E5F9D6266B732F00176260 /* DebtUITests.swift in Sources */,
			);
			runOnlyForDeploymentPostprocessing = 0;
		};
/* End PBXSourcesBuildPhase section */

/* Begin PBXTargetDependency section */
		95E5F9C8266B732F00176260 /* PBXTargetDependency */ = {
			isa = PBXTargetDependency;
			target = 95E5F9B4266B732C00176260 /* Debt */;
			targetProxy = 95E5F9C7266B732F00176260 /* PBXContainerItemProxy */;
		};
		95E5F9D3266B732F00176260 /* PBXTargetDependency */ = {
			isa = PBXTargetDependency;
			target = 95E5F9B4266B732C00176260 /* Debt */;
			targetProxy = 95E5F9D2266B732F00176260 /* PBXContainerItemProxy */;
		};
/* End PBXTargetDependency section */

/* Begin XCBuildConfiguration section */
		95E5F9D8266B732F00176260 /* Debug */ = {
			isa = XCBuildConfiguration;
			buildSettings = {
				ALWAYS_SEARCH_USER_PATHS = NO;
				CLANG_ANALYZER_NONNULL = YES;
				CLANG_ANALYZER_NUMBER_OBJECT_CONVERSION = YES_AGGRESSIVE;
				CLANG_CXX_LANGUAGE_STANDARD = "gnu++14";
				CLANG_CXX_LIBRARY = "libc++";
				CLANG_ENABLE_MODULES = YES;
				CLANG_ENABLE_OBJC_ARC = YES;
				CLANG_ENABLE_OBJC_WEAK = YES;
				CLANG_WARN_BLOCK_CAPTURE_AUTORELEASING = YES;
				CLANG_WARN_BOOL_CONVERSION = YES;
				CLANG_WARN_COMMA = YES;
				CLANG_WARN_CONSTANT_CONVERSION = YES;
				CLANG_WARN_DEPRECATED_OBJC_IMPLEMENTATIONS = YES;
				CLANG_WARN_DIRECT_OBJC_ISA_USAGE = YES_ERROR;
				CLANG_WARN_DOCUMENTATION_COMMENTS = YES;
				CLANG_WARN_EMPTY_BODY = YES;
				CLANG_WARN_ENUM_CONVERSION = YES;
				CLANG_WARN_INFINITE_RECURSION = YES;
				CLANG_WARN_INT_CONVERSION = YES;
				CLANG_WARN_NON_LITERAL_NULL_CONVERSION = YES;
				CLANG_WARN_OBJC_IMPLICIT_RETAIN_SELF = YES;
				CLANG_WARN_OBJC_LITERAL_CONVERSION = YES;
				CLANG_WARN_OBJC_ROOT_CLASS = YES_ERROR;
				CLANG_WARN_QUOTED_INCLUDE_IN_FRAMEWORK_HEADER = YES;
				CLANG_WARN_RANGE_LOOP_ANALYSIS = YES;
				CLANG_WARN_STRICT_PROTOTYPES = YES;
				CLANG_WARN_SUSPICIOUS_MOVE = YES;
				CLANG_WARN_UNGUARDED_AVAILABILITY = YES_AGGRESSIVE;
				CLANG_WARN_UNREACHABLE_CODE = YES;
				CLANG_WARN__DUPLICATE_METHOD_MATCH = YES;
				COPY_PHASE_STRIP = NO;
				DEBUG_INFORMATION_FORMAT = dwarf;
				ENABLE_STRICT_OBJC_MSGSEND = YES;
				ENABLE_TESTABILITY = YES;
				GCC_C_LANGUAGE_STANDARD = gnu11;
				GCC_DYNAMIC_NO_PIC = NO;
				GCC_NO_COMMON_BLOCKS = YES;
				GCC_OPTIMIZATION_LEVEL = 0;
				GCC_PREPROCESSOR_DEFINITIONS = (
					"DEBUG=1",
					"$(inherited)",
				);
				GCC_WARN_64_TO_32_BIT_CONVERSION = YES;
				GCC_WARN_ABOUT_RETURN_TYPE = YES_ERROR;
				GCC_WARN_UNDECLARED_SELECTOR = YES;
				GCC_WARN_UNINITIALIZED_AUTOS = YES_AGGRESSIVE;
				GCC_WARN_UNUSED_FUNCTION = YES;
				GCC_WARN_UNUSED_VARIABLE = YES;
				IPHONEOS_DEPLOYMENT_TARGET = 14.5;
				MTL_ENABLE_DEBUG_INFO = INCLUDE_SOURCE;
				MTL_FAST_MATH = YES;
				ONLY_ACTIVE_ARCH = YES;
				SDKROOT = iphoneos;
				SWIFT_ACTIVE_COMPILATION_CONDITIONS = DEBUG;
				SWIFT_OPTIMIZATION_LEVEL = "-Onone";
			};
			name = Debug;
		};
		95E5F9D9266B732F00176260 /* Release */ = {
			isa = XCBuildConfiguration;
			buildSettings = {
				ALWAYS_SEARCH_USER_PATHS = NO;
				CLANG_ANALYZER_NONNULL = YES;
				CLANG_ANALYZER_NUMBER_OBJECT_CONVERSION = YES_AGGRESSIVE;
				CLANG_CXX_LANGUAGE_STANDARD = "gnu++14";
				CLANG_CXX_LIBRARY = "libc++";
				CLANG_ENABLE_MODULES = YES;
				CLANG_ENABLE_OBJC_ARC = YES;
				CLANG_ENABLE_OBJC_WEAK = YES;
				CLANG_WARN_BLOCK_CAPTURE_AUTORELEASING = YES;
				CLANG_WARN_BOOL_CONVERSION = YES;
				CLANG_WARN_COMMA = YES;
				CLANG_WARN_CONSTANT_CONVERSION = YES;
				CLANG_WARN_DEPRECATED_OBJC_IMPLEMENTATIONS = YES;
				CLANG_WARN_DIRECT_OBJC_ISA_USAGE = YES_ERROR;
				CLANG_WARN_DOCUMENTATION_COMMENTS = YES;
				CLANG_WARN_EMPTY_BODY = YES;
				CLANG_WARN_ENUM_CONVERSION = YES;
				CLANG_WARN_INFINITE_RECURSION = YES;
				CLANG_WARN_INT_CONVERSION = YES;
				CLANG_WARN_NON_LITERAL_NULL_CONVERSION = YES;
				CLANG_WARN_OBJC_IMPLICIT_RETAIN_SELF = YES;
				CLANG_WARN_OBJC_LITERAL_CONVERSION = YES;
				CLANG_WARN_OBJC_ROOT_CLASS = YES_ERROR;
				CLANG_WARN_QUOTED_INCLUDE_IN_FRAMEWORK_HEADER = YES;
				CLANG_WARN_RANGE_LOOP_ANALYSIS = YES;
				CLANG_WARN_STRICT_PROTOTYPES = YES;
				CLANG_WARN_SUSPICIOUS_MOVE = YES;
				CLANG_WARN_UNGUARDED_AVAILABILITY = YES_AGGRESSIVE;
				CLANG_WARN_UNREACHABLE_CODE = YES;
				CLANG_WARN__DUPLICATE_METHOD_MATCH = YES;
				COPY_PHASE_STRIP = NO;
				DEBUG_INFORMATION_FORMAT = "dwarf-with-dsym";
				ENABLE_NS_ASSERTIONS = NO;
				ENABLE_STRICT_OBJC_MSGSEND = YES;
				GCC_C_LANGUAGE_STANDARD = gnu11;
				GCC_NO_COMMON_BLOCKS = YES;
				GCC_WARN_64_TO_32_BIT_CONVERSION = YES;
				GCC_WARN_ABOUT_RETURN_TYPE = YES_ERROR;
				GCC_WARN_UNDECLARED_SELECTOR = YES;
				GCC_WARN_UNINITIALIZED_AUTOS = YES_AGGRESSIVE;
				GCC_WARN_UNUSED_FUNCTION = YES;
				GCC_WARN_UNUSED_VARIABLE = YES;
				IPHONEOS_DEPLOYMENT_TARGET = 14.5;
				MTL_ENABLE_DEBUG_INFO = NO;
				MTL_FAST_MATH = YES;
				SDKROOT = iphoneos;
				SWIFT_COMPILATION_MODE = wholemodule;
				SWIFT_OPTIMIZATION_LEVEL = "-O";
				VALIDATE_PRODUCT = YES;
			};
			name = Release;
		};
		95E5F9DB266B732F00176260 /* Debug */ = {
			isa = XCBuildConfiguration;
			buildSettings = {
				ASSETCATALOG_COMPILER_APPICON_NAME = AppIcon;
				ASSETCATALOG_COMPILER_GLOBAL_ACCENT_COLOR_NAME = AccentColor;
				CODE_SIGN_STYLE = Automatic;
				DEVELOPMENT_ASSET_PATHS = "\"Debt/Preview Content\"";
				ENABLE_PREVIEWS = YES;
				INFOPLIST_FILE = Debt/Info.plist;
				IPHONEOS_DEPLOYMENT_TARGET = 14.0;
				LD_RUNPATH_SEARCH_PATHS = (
					"$(inherited)",
					"@executable_path/Frameworks",
				);
				PRODUCT_BUNDLE_IDENTIFIER = suncode.Debt;
				PRODUCT_NAME = "$(TARGET_NAME)";
				SWIFT_VERSION = 5.0;
				TARGETED_DEVICE_FAMILY = "1,2";
			};
			name = Debug;
		};
		95E5F9DC266B732F00176260 /* Release */ = {
			isa = XCBuildConfiguration;
			buildSettings = {
				ASSETCATALOG_COMPILER_APPICON_NAME = AppIcon;
				ASSETCATALOG_COMPILER_GLOBAL_ACCENT_COLOR_NAME = AccentColor;
				CODE_SIGN_STYLE = Automatic;
				DEVELOPMENT_ASSET_PATHS = "\"Debt/Preview Content\"";
				ENABLE_PREVIEWS = YES;
				INFOPLIST_FILE = Debt/Info.plist;
				IPHONEOS_DEPLOYMENT_TARGET = 14.0;
				LD_RUNPATH_SEARCH_PATHS = (
					"$(inherited)",
					"@executable_path/Frameworks",
				);
				PRODUCT_BUNDLE_IDENTIFIER = suncode.Debt;
				PRODUCT_NAME = "$(TARGET_NAME)";
				SWIFT_VERSION = 5.0;
				TARGETED_DEVICE_FAMILY = "1,2";
			};
			name = Release;
		};
		95E5F9DE266B732F00176260 /* Debug */ = {
			isa = XCBuildConfiguration;
			buildSettings = {
				ALWAYS_EMBED_SWIFT_STANDARD_LIBRARIES = YES;
				BUNDLE_LOADER = "$(TEST_HOST)";
				CODE_SIGN_STYLE = Automatic;
				INFOPLIST_FILE = DebtTests/Info.plist;
				IPHONEOS_DEPLOYMENT_TARGET = 14.0;
				LD_RUNPATH_SEARCH_PATHS = (
					"$(inherited)",
					"@executable_path/Frameworks",
					"@loader_path/Frameworks",
				);
				PRODUCT_BUNDLE_IDENTIFIER = suncode.DebtTests;
				PRODUCT_NAME = "$(TARGET_NAME)";
				SWIFT_VERSION = 5.0;
				TARGETED_DEVICE_FAMILY = "1,2";
				TEST_HOST = "$(BUILT_PRODUCTS_DIR)/Debt.app/Debt";
			};
			name = Debug;
		};
		95E5F9DF266B732F00176260 /* Release */ = {
			isa = XCBuildConfiguration;
			buildSettings = {
				ALWAYS_EMBED_SWIFT_STANDARD_LIBRARIES = YES;
				BUNDLE_LOADER = "$(TEST_HOST)";
				CODE_SIGN_STYLE = Automatic;
				INFOPLIST_FILE = DebtTests/Info.plist;
				IPHONEOS_DEPLOYMENT_TARGET = 14.0;
				LD_RUNPATH_SEARCH_PATHS = (
					"$(inherited)",
					"@executable_path/Frameworks",
					"@loader_path/Frameworks",
				);
				PRODUCT_BUNDLE_IDENTIFIER = suncode.DebtTests;
				PRODUCT_NAME = "$(TARGET_NAME)";
				SWIFT_VERSION = 5.0;
				TARGETED_DEVICE_FAMILY = "1,2";
				TEST_HOST = "$(BUILT_PRODUCTS_DIR)/Debt.app/Debt";
			};
			name = Release;
		};
		95E5F9E1266B732F00176260 /* Debug */ = {
			isa = XCBuildConfiguration;
			buildSettings = {
				ALWAYS_EMBED_SWIFT_STANDARD_LIBRARIES = YES;
				CODE_SIGN_STYLE = Automatic;
				INFOPLIST_FILE = DebtUITests/Info.plist;
				LD_RUNPATH_SEARCH_PATHS = (
					"$(inherited)",
					"@executable_path/Frameworks",
					"@loader_path/Frameworks",
				);
				PRODUCT_BUNDLE_IDENTIFIER = suncode.DebtUITests;
				PRODUCT_NAME = "$(TARGET_NAME)";
				SWIFT_VERSION = 5.0;
				TARGETED_DEVICE_FAMILY = "1,2";
				TEST_TARGET_NAME = Debt;
			};
			name = Debug;
		};
		95E5F9E2266B732F00176260 /* Release */ = {
			isa = XCBuildConfiguration;
			buildSettings = {
				ALWAYS_EMBED_SWIFT_STANDARD_LIBRARIES = YES;
				CODE_SIGN_STYLE = Automatic;
				INFOPLIST_FILE = DebtUITests/Info.plist;
				LD_RUNPATH_SEARCH_PATHS = (
					"$(inherited)",
					"@executable_path/Frameworks",
					"@loader_path/Frameworks",
				);
				PRODUCT_BUNDLE_IDENTIFIER = suncode.DebtUITests;
				PRODUCT_NAME = "$(TARGET_NAME)";
				SWIFT_VERSION = 5.0;
				TARGETED_DEVICE_FAMILY = "1,2";
				TEST_TARGET_NAME = Debt;
			};
			name = Release;
		};
/* End XCBuildConfiguration section */

/* Begin XCConfigurationList section */
		95E5F9B0266B732C00176260 /* Build configuration list for PBXProject "Debt" */ = {
			isa = XCConfigurationList;
			buildConfigurations = (
				95E5F9D8266B732F00176260 /* Debug */,
				95E5F9D9266B732F00176260 /* Release */,
			);
			defaultConfigurationIsVisible = 0;
			defaultConfigurationName = Release;
		};
		95E5F9DA266B732F00176260 /* Build configuration list for PBXNativeTarget "Debt" */ = {
			isa = XCConfigurationList;
			buildConfigurations = (
				95E5F9DB266B732F00176260 /* Debug */,
				95E5F9DC266B732F00176260 /* Release */,
			);
			defaultConfigurationIsVisible = 0;
			defaultConfigurationName = Release;
		};
		95E5F9DD266B732F00176260 /* Build configuration list for PBXNativeTarget "DebtTests" */ = {
			isa = XCConfigurationList;
			buildConfigurations = (
				95E5F9DE266B732F00176260 /* Debug */,
				95E5F9DF266B732F00176260 /* Release */,
			);
			defaultConfigurationIsVisible = 0;
			defaultConfigurationName = Release;
		};
		95E5F9E0266B732F00176260 /* Build configuration list for PBXNativeTarget "DebtUITests" */ = {
			isa = XCConfigurationList;
			buildConfigurations = (
				95E5F9E1266B732F00176260 /* Debug */,
				95E5F9E2266B732F00176260 /* Release */,
			);
			defaultConfigurationIsVisible = 0;
			defaultConfigurationName = Release;
		};
/* End XCConfigurationList section */
	};
	rootObject = 95E5F9AD266B732C00176260 /* Project object */;
}
